# Code generated by scarb DO NOT EDIT.
version = 1

[[package]]
name = "dojo"
version = "0.4.4"
source = "git+https://github.com/dojoengine/dojo#3fd7f3cbe98179641bfe2eb6b4b4e0b9e23757fd"
dependencies = [
 "dojo_plugin",
]

[[package]]
name = "dojo_examples"
version = "0.4.4"
dependencies = [
 "dojo",
]

[[package]]
name = "dojo_plugin"
version = "0.3.11"
source = "git+https://github.com/dojoengine/dojo?tag=v0.3.11#1e651b5d4d3b79b14a7d8aa29a92062fcb9e6659"
